{
  "version": 4,
  "terraform_version": "0.12.29",
  "serial": 36,
  "lineage": "b0ea9784-7e27-f5ff-378c-9a0ba8fac748",
  "outputs": {
    "instance_ip_address": {
      "value": {
        "00271523-8500-452b-93b1-53df6ef9c0ee": "115.146.87.20",
        "0108d0be-8fab-4b4a-8eac-02f4fe5e0d14": "115.146.84.170",
        "07928a0f-19f0-4458-af8b-40a2a1e0eb73": "115.146.85.3",
        "08c1ecdc-a2ba-42f4-9ce2-9606e2293572": "115.146.84.134",
        "0d504417-be7c-4f5e-acad-3ca83d3b5693": "115.146.84.86",
        "1560591b-e6c4-40a6-a861-949fac6cd139": "115.146.85.111",
        "1a85bd59-c2cb-4b52-b667-901ab2614a0e": "115.146.85.226",
        "1d6b1f14-d03a-4ad2-bfc8-0320f3da4847": "115.146.85.61",
        "2254b601-4723-42bf-85a5-3498e541d7c8": "115.146.85.242",
        "3230fb3f-c785-422d-9f48-59bfaaf29631": "115.146.84.119",
        "3ec80b66-831e-49e0-bcaf-3e45039650c0": "115.146.86.127",
        "49c5af67-b57f-4cb1-89b0-b661b255a28e": "115.146.86.74",
        "50dbd124-103a-474c-9457-8e252a5b9e61": "115.146.85.101",
        "5ab8cc05-132a-4b63-a471-732b0bdbe7e1": "115.146.87.247",
        "78f62d26-3d8a-488d-9855-3b3e65d82257": "115.146.85.247",
        "7b057cf7-b4fc-48b6-a8d8-ba1d5d5a7105": "115.146.87.191",
        "7c50a6fa-889a-426c-b035-614bf8d5e312": "115.146.85.74",
        "83744630-ed08-494a-a80a-7cc349182f08": "115.146.85.29",
        "88e151a3-d55d-44ea-bfe2-822cb2c7ae56": "115.146.85.11",
        "8cf4eebb-8e85-49b5-9225-37e3815dfbd2": "115.146.85.124",
        "91376ffc-e5d2-4159-8e52-b20f82d7b926": "115.146.84.151",
        "926ddd69-0ccf-46de-abfd-541bc40d8539": "115.146.86.223",
        "9b4203f5-1d78-4f55-bd61-78abf4d718d0": "115.146.86.23",
        "aa9d51d2-dacf-4fa3-b5b6-e7acce28802b": "115.146.87.137",
        "aaaf42e7-c945-4797-aa34-5b71e0aad085": "115.146.85.155",
        "af919aa5-3597-4b32-b5f0-dad200643210": "115.146.84.198",
        "b17c0129-1cb2-4dcb-94ed-6363057e1f2b": "115.146.84.148",
        "b24b53de-adef-4aeb-90a0-b1b198f492ec": "115.146.87.178",
        "c20c87e4-b3a4-47a7-9950-ad73224b7379": "115.146.87.94",
        "cbaaf43f-fd24-4bf9-8a12-8f5b9993b94f": "115.146.86.71",
        "d7b94473-9370-425a-bfb2-979baeb092c8": "115.146.84.234",
        "db1e9413-761a-48ce-9603-ddec62b47c98": "115.146.85.138",
        "f7ca291b-e5d7-493f-abd3-9f6c00e0ce1b": "115.146.85.46",
        "fcea47aa-2d4b-44c8-9968-22913d713735": "115.146.84.201",
        "fef2928e-7978-447d-9c36-99cf1c2af677": "115.146.84.36"
      },
      "type": [
        "object",
        {
          "00271523-8500-452b-93b1-53df6ef9c0ee": "string",
          "0108d0be-8fab-4b4a-8eac-02f4fe5e0d14": "string",
          "07928a0f-19f0-4458-af8b-40a2a1e0eb73": "string",
          "08c1ecdc-a2ba-42f4-9ce2-9606e2293572": "string",
          "0d504417-be7c-4f5e-acad-3ca83d3b5693": "string",
          "1560591b-e6c4-40a6-a861-949fac6cd139": "string",
          "1a85bd59-c2cb-4b52-b667-901ab2614a0e": "string",
          "1d6b1f14-d03a-4ad2-bfc8-0320f3da4847": "string",
          "2254b601-4723-42bf-85a5-3498e541d7c8": "string",
          "3230fb3f-c785-422d-9f48-59bfaaf29631": "string",
          "3ec80b66-831e-49e0-bcaf-3e45039650c0": "string",
          "49c5af67-b57f-4cb1-89b0-b661b255a28e": "string",
          "50dbd124-103a-474c-9457-8e252a5b9e61": "string",
          "5ab8cc05-132a-4b63-a471-732b0bdbe7e1": "string",
          "78f62d26-3d8a-488d-9855-3b3e65d82257": "string",
          "7b057cf7-b4fc-48b6-a8d8-ba1d5d5a7105": "string",
          "7c50a6fa-889a-426c-b035-614bf8d5e312": "string",
          "83744630-ed08-494a-a80a-7cc349182f08": "string",
          "88e151a3-d55d-44ea-bfe2-822cb2c7ae56": "string",
          "8cf4eebb-8e85-49b5-9225-37e3815dfbd2": "string",
          "91376ffc-e5d2-4159-8e52-b20f82d7b926": "string",
          "926ddd69-0ccf-46de-abfd-541bc40d8539": "string",
          "9b4203f5-1d78-4f55-bd61-78abf4d718d0": "string",
          "aa9d51d2-dacf-4fa3-b5b6-e7acce28802b": "string",
          "aaaf42e7-c945-4797-aa34-5b71e0aad085": "string",
          "af919aa5-3597-4b32-b5f0-dad200643210": "string",
          "b17c0129-1cb2-4dcb-94ed-6363057e1f2b": "string",
          "b24b53de-adef-4aeb-90a0-b1b198f492ec": "string",
          "c20c87e4-b3a4-47a7-9950-ad73224b7379": "string",
          "cbaaf43f-fd24-4bf9-8a12-8f5b9993b94f": "string",
          "d7b94473-9370-425a-bfb2-979baeb092c8": "string",
          "db1e9413-761a-48ce-9603-ddec62b47c98": "string",
          "f7ca291b-e5d7-493f-abd3-9f6c00e0ce1b": "string",
          "fcea47aa-2d4b-44c8-9968-22913d713735": "string",
          "fef2928e-7978-447d-9c36-99cf1c2af677": "string"
        }
      ]
    }
  },
  "resources": [
    {
      "mode": "managed",
      "type": "openstack_compute_instance_v2",
      "name": "GAT-AU-instance",
      "each": "map",
      "provider": "provider.openstack",
      "instances": [
        {
          "index_key": "0",
          "schema_version": 0,
          "attributes": {
            "access_ip_v4": "115.146.87.20",
            "access_ip_v6": "",
            "admin_pass": null,
            "all_metadata": {},
            "all_tags": [],
            "availability_zone": "melbourne-qh2",
            "availability_zone_hints": null,
            "block_device": [],
            "config_drive": null,
            "flavor_id": "b7336043-bcba-4e5b-bdae-b76ccc328168",
            "flavor_name": "m3.medium",
            "floating_ip": null,
            "force_delete": false,
            "id": "00271523-8500-452b-93b1-53df6ef9c0ee",
            "image_id": "356ff1ed-5960-4ac2-96a1-0c0198e6a999",
            "image_name": "NeCTAR Ubuntu 20.04 LTS (Focal) amd64",
            "key_pair": "gcc-2021",
            "metadata": null,
            "name": "GAT-AU-0",
            "network": [
              {
                "access_network": false,
                "fixed_ip_v4": "115.146.87.20",
                "fixed_ip_v6": "",
                "floating_ip": "",
                "mac": "fa:16:3e:e5:5d:d6",
                "name": "queensberry",
                "port": "",
                "uuid": ""
              }
            ],
            "network_mode": null,
            "personality": [],
            "power_state": "active",
            "region": "Melbourne",
            "scheduler_hints": [],
            "security_groups": [
              "SSH",
              "default"
            ],
            "stop_before_destroy": false,
            "tags": null,
            "timeouts": null,
            "user_data": null,
            "vendor_options": [],
            "volume": []
          },
          "private": "eyJlMmJmYjczMC1lY2FhLTExZTYtOGY4OC0zNDM2M2JjN2M0YzAiOnsiY3JlYXRlIjoxODAwMDAwMDAwMDAwLCJkZWxldGUiOjE4MDAwMDAwMDAwMDAsInVwZGF0ZSI6MTgwMDAwMDAwMDAwMH19"
        },
        {
          "index_key": "1",
          "schema_version": 0,
          "attributes": {
            "access_ip_v4": "115.146.85.61",
            "access_ip_v6": "",
            "admin_pass": null,
            "all_metadata": {},
            "all_tags": [],
            "availability_zone": "melbourne-qh2",
            "availability_zone_hints": null,
            "block_device": [],
            "config_drive": null,
            "flavor_id": "b7336043-bcba-4e5b-bdae-b76ccc328168",
            "flavor_name": "m3.medium",
            "floating_ip": null,
            "force_delete": false,
            "id": "1d6b1f14-d03a-4ad2-bfc8-0320f3da4847",
            "image_id": "356ff1ed-5960-4ac2-96a1-0c0198e6a999",
            "image_name": "NeCTAR Ubuntu 20.04 LTS (Focal) amd64",
            "key_pair": "gcc-2021",
            "metadata": null,
            "name": "GAT-AU-1",
            "network": [
              {
                "access_network": false,
                "fixed_ip_v4": "115.146.85.61",
                "fixed_ip_v6": "",
                "floating_ip": "",
                "mac": "fa:16:3e:86:a6:16",
                "name": "queensberry",
                "port": "",
                "uuid": ""
              }
            ],
            "network_mode": null,
            "personality": [],
            "power_state": "active",
            "region": "Melbourne",
            "scheduler_hints": [],
            "security_groups": [
              "SSH",
              "default"
            ],
            "stop_before_destroy": false,
            "tags": null,
            "timeouts": null,
            "user_data": null,
            "vendor_options": [],
            "volume": []
          },
          "private": "eyJlMmJmYjczMC1lY2FhLTExZTYtOGY4OC0zNDM2M2JjN2M0YzAiOnsiY3JlYXRlIjoxODAwMDAwMDAwMDAwLCJkZWxldGUiOjE4MDAwMDAwMDAwMDAsInVwZGF0ZSI6MTgwMDAwMDAwMDAwMH19"
        },
        {
          "index_key": "10",
          "schema_version": 0,
          "attributes": {
            "access_ip_v4": "115.146.84.234",
            "access_ip_v6": "",
            "admin_pass": null,
            "all_metadata": {},
            "all_tags": [],
            "availability_zone": "melbourne-qh2",
            "availability_zone_hints": null,
            "block_device": [],
            "config_drive": null,
            "flavor_id": "b7336043-bcba-4e5b-bdae-b76ccc328168",
            "flavor_name": "m3.medium",
            "floating_ip": null,
            "force_delete": false,
            "id": "d7b94473-9370-425a-bfb2-979baeb092c8",
            "image_id": "356ff1ed-5960-4ac2-96a1-0c0198e6a999",
            "image_name": "NeCTAR Ubuntu 20.04 LTS (Focal) amd64",
            "key_pair": "gcc-2021",
            "metadata": null,
            "name": "GAT-AU-10",
            "network": [
              {
                "access_network": false,
                "fixed_ip_v4": "115.146.84.234",
                "fixed_ip_v6": "",
                "floating_ip": "",
                "mac": "fa:16:3e:f3:7f:02",
                "name": "queensberry",
                "port": "",
                "uuid": ""
              }
            ],
            "network_mode": null,
            "personality": [],
            "power_state": "active",
            "region": "Melbourne",
            "scheduler_hints": [],
            "security_groups": [
              "SSH",
              "default"
            ],
            "stop_before_destroy": false,
            "tags": null,
            "timeouts": null,
            "user_data": null,
            "vendor_options": [],
            "volume": []
          },
          "private": "eyJlMmJmYjczMC1lY2FhLTExZTYtOGY4OC0zNDM2M2JjN2M0YzAiOnsiY3JlYXRlIjoxODAwMDAwMDAwMDAwLCJkZWxldGUiOjE4MDAwMDAwMDAwMDAsInVwZGF0ZSI6MTgwMDAwMDAwMDAwMH19"
        },
        {
          "index_key": "11",
          "schema_version": 0,
          "attributes": {
            "access_ip_v4": "115.146.84.36",
            "access_ip_v6": "",
            "admin_pass": null,
            "all_metadata": {},
            "all_tags": [],
            "availability_zone": "melbourne-qh2",
            "availability_zone_hints": null,
            "block_device": [],
            "config_drive": null,
            "flavor_id": "b7336043-bcba-4e5b-bdae-b76ccc328168",
            "flavor_name": "m3.medium",
            "floating_ip": null,
            "force_delete": false,
            "id": "fef2928e-7978-447d-9c36-99cf1c2af677",
            "image_id": "356ff1ed-5960-4ac2-96a1-0c0198e6a999",
            "image_name": "NeCTAR Ubuntu 20.04 LTS (Focal) amd64",
            "key_pair": "gcc-2021",
            "metadata": null,
            "name": "GAT-AU-11",
            "network": [
              {
                "access_network": false,
                "fixed_ip_v4": "115.146.84.36",
                "fixed_ip_v6": "",
                "floating_ip": "",
                "mac": "fa:16:3e:29:10:d6",
                "name": "queensberry",
                "port": "",
                "uuid": ""
              }
            ],
            "network_mode": null,
            "personality": [],
            "power_state": "active",
            "region": "Melbourne",
            "scheduler_hints": [],
            "security_groups": [
              "SSH",
              "default"
            ],
            "stop_before_destroy": false,
            "tags": null,
            "timeouts": null,
            "user_data": null,
            "vendor_options": [],
            "volume": []
          },
          "private": "eyJlMmJmYjczMC1lY2FhLTExZTYtOGY4OC0zNDM2M2JjN2M0YzAiOnsiY3JlYXRlIjoxODAwMDAwMDAwMDAwLCJkZWxldGUiOjE4MDAwMDAwMDAwMDAsInVwZGF0ZSI6MTgwMDAwMDAwMDAwMH19"
        },
        {
          "index_key": "12",
          "schema_version": 0,
          "attributes": {
            "access_ip_v4": "115.146.86.23",
            "access_ip_v6": "",
            "admin_pass": null,
            "all_metadata": {},
            "all_tags": [],
            "availability_zone": "melbourne-qh2",
            "availability_zone_hints": null,
            "block_device": [],
            "config_drive": null,
            "flavor_id": "b7336043-bcba-4e5b-bdae-b76ccc328168",
            "flavor_name": "m3.medium",
            "floating_ip": null,
            "force_delete": false,
            "id": "9b4203f5-1d78-4f55-bd61-78abf4d718d0",
            "image_id": "356ff1ed-5960-4ac2-96a1-0c0198e6a999",
            "image_name": "NeCTAR Ubuntu 20.04 LTS (Focal) amd64",
            "key_pair": "gcc-2021",
            "metadata": null,
            "name": "GAT-AU-12",
            "network": [
              {
                "access_network": false,
                "fixed_ip_v4": "115.146.86.23",
                "fixed_ip_v6": "",
                "floating_ip": "",
                "mac": "fa:16:3e:83:b8:35",
                "name": "queensberry",
                "port": "",
                "uuid": ""
              }
            ],
            "network_mode": null,
            "personality": [],
            "power_state": "active",
            "region": "Melbourne",
            "scheduler_hints": [],
            "security_groups": [
              "SSH",
              "default"
            ],
            "stop_before_destroy": false,
            "tags": null,
            "timeouts": null,
            "user_data": null,
            "vendor_options": [],
            "volume": []
          },
          "private": "eyJlMmJmYjczMC1lY2FhLTExZTYtOGY4OC0zNDM2M2JjN2M0YzAiOnsiY3JlYXRlIjoxODAwMDAwMDAwMDAwLCJkZWxldGUiOjE4MDAwMDAwMDAwMDAsInVwZGF0ZSI6MTgwMDAwMDAwMDAwMH19"
        },
        {
          "index_key": "13",
          "schema_version": 0,
          "attributes": {
            "access_ip_v4": "115.146.85.226",
            "access_ip_v6": "",
            "admin_pass": null,
            "all_metadata": {},
            "all_tags": [],
            "availability_zone": "melbourne-qh2",
            "availability_zone_hints": null,
            "block_device": [],
            "config_drive": null,
            "flavor_id": "b7336043-bcba-4e5b-bdae-b76ccc328168",
            "flavor_name": "m3.medium",
            "floating_ip": null,
            "force_delete": false,
            "id": "1a85bd59-c2cb-4b52-b667-901ab2614a0e",
            "image_id": "356ff1ed-5960-4ac2-96a1-0c0198e6a999",
            "image_name": "NeCTAR Ubuntu 20.04 LTS (Focal) amd64",
            "key_pair": "gcc-2021",
            "metadata": null,
            "name": "GAT-AU-13",
            "network": [
              {
                "access_network": false,
                "fixed_ip_v4": "115.146.85.226",
                "fixed_ip_v6": "",
                "floating_ip": "",
                "mac": "fa:16:3e:55:e5:3f",
                "name": "queensberry",
                "port": "",
                "uuid": ""
              }
            ],
            "network_mode": null,
            "personality": [],
            "power_state": "active",
            "region": "Melbourne",
            "scheduler_hints": [],
            "security_groups": [
              "SSH",
              "default"
            ],
            "stop_before_destroy": false,
            "tags": null,
            "timeouts": null,
            "user_data": null,
            "vendor_options": [],
            "volume": []
          },
          "private": "eyJlMmJmYjczMC1lY2FhLTExZTYtOGY4OC0zNDM2M2JjN2M0YzAiOnsiY3JlYXRlIjoxODAwMDAwMDAwMDAwLCJkZWxldGUiOjE4MDAwMDAwMDAwMDAsInVwZGF0ZSI6MTgwMDAwMDAwMDAwMH19"
        },
        {
          "index_key": "14",
          "schema_version": 0,
          "attributes": {
            "access_ip_v4": "115.146.85.101",
            "access_ip_v6": "",
            "admin_pass": null,
            "all_metadata": {},
            "all_tags": [],
            "availability_zone": "melbourne-qh2",
            "availability_zone_hints": null,
            "block_device": [],
            "config_drive": null,
            "flavor_id": "b7336043-bcba-4e5b-bdae-b76ccc328168",
            "flavor_name": "m3.medium",
            "floating_ip": null,
            "force_delete": false,
            "id": "50dbd124-103a-474c-9457-8e252a5b9e61",
            "image_id": "356ff1ed-5960-4ac2-96a1-0c0198e6a999",
            "image_name": "NeCTAR Ubuntu 20.04 LTS (Focal) amd64",
            "key_pair": "gcc-2021",
            "metadata": null,
            "name": "GAT-AU-14",
            "network": [
              {
                "access_network": false,
                "fixed_ip_v4": "115.146.85.101",
                "fixed_ip_v6": "",
                "floating_ip": "",
                "mac": "fa:16:3e:e3:fa:cc",
                "name": "queensberry",
                "port": "",
                "uuid": ""
              }
            ],
            "network_mode": null,
            "personality": [],
            "power_state": "active",
            "region": "Melbourne",
            "scheduler_hints": [],
            "security_groups": [
              "SSH",
              "default"
            ],
            "stop_before_destroy": false,
            "tags": null,
            "timeouts": null,
            "user_data": null,
            "vendor_options": [],
            "volume": []
          },
          "private": "eyJlMmJmYjczMC1lY2FhLTExZTYtOGY4OC0zNDM2M2JjN2M0YzAiOnsiY3JlYXRlIjoxODAwMDAwMDAwMDAwLCJkZWxldGUiOjE4MDAwMDAwMDAwMDAsInVwZGF0ZSI6MTgwMDAwMDAwMDAwMH19"
        },
        {
          "index_key": "15",
          "schema_version": 0,
          "attributes": {
            "access_ip_v4": "115.146.85.74",
            "access_ip_v6": "",
            "admin_pass": null,
            "all_metadata": {},
            "all_tags": [],
            "availability_zone": "melbourne-qh2",
            "availability_zone_hints": null,
            "block_device": [],
            "config_drive": null,
            "flavor_id": "b7336043-bcba-4e5b-bdae-b76ccc328168",
            "flavor_name": "m3.medium",
            "floating_ip": null,
            "force_delete": false,
            "id": "7c50a6fa-889a-426c-b035-614bf8d5e312",
            "image_id": "356ff1ed-5960-4ac2-96a1-0c0198e6a999",
            "image_name": "NeCTAR Ubuntu 20.04 LTS (Focal) amd64",
            "key_pair": "gcc-2021",
            "metadata": null,
            "name": "GAT-AU-15",
            "network": [
              {
                "access_network": false,
                "fixed_ip_v4": "115.146.85.74",
                "fixed_ip_v6": "",
                "floating_ip": "",
                "mac": "fa:16:3e:b9:8e:ab",
                "name": "queensberry",
                "port": "",
                "uuid": ""
              }
            ],
            "network_mode": null,
            "personality": [],
            "power_state": "active",
            "region": "Melbourne",
            "scheduler_hints": [],
            "security_groups": [
              "SSH",
              "default"
            ],
            "stop_before_destroy": false,
            "tags": null,
            "timeouts": null,
            "user_data": null,
            "vendor_options": [],
            "volume": []
          },
          "private": "eyJlMmJmYjczMC1lY2FhLTExZTYtOGY4OC0zNDM2M2JjN2M0YzAiOnsiY3JlYXRlIjoxODAwMDAwMDAwMDAwLCJkZWxldGUiOjE4MDAwMDAwMDAwMDAsInVwZGF0ZSI6MTgwMDAwMDAwMDAwMH19"
        },
        {
          "index_key": "16",
          "schema_version": 0,
          "attributes": {
            "access_ip_v4": "115.146.87.94",
            "access_ip_v6": "",
            "admin_pass": null,
            "all_metadata": {},
            "all_tags": [],
            "availability_zone": "melbourne-qh2",
            "availability_zone_hints": null,
            "block_device": [],
            "config_drive": null,
            "flavor_id": "b7336043-bcba-4e5b-bdae-b76ccc328168",
            "flavor_name": "m3.medium",
            "floating_ip": null,
            "force_delete": false,
            "id": "c20c87e4-b3a4-47a7-9950-ad73224b7379",
            "image_id": "356ff1ed-5960-4ac2-96a1-0c0198e6a999",
            "image_name": "NeCTAR Ubuntu 20.04 LTS (Focal) amd64",
            "key_pair": "gcc-2021",
            "metadata": null,
            "name": "GAT-AU-16",
            "network": [
              {
                "access_network": false,
                "fixed_ip_v4": "115.146.87.94",
                "fixed_ip_v6": "",
                "floating_ip": "",
                "mac": "fa:16:3e:ed:a0:c2",
                "name": "queensberry",
                "port": "",
                "uuid": ""
              }
            ],
            "network_mode": null,
            "personality": [],
            "power_state": "active",
            "region": "Melbourne",
            "scheduler_hints": [],
            "security_groups": [
              "SSH",
              "default"
            ],
            "stop_before_destroy": false,
            "tags": null,
            "timeouts": null,
            "user_data": null,
            "vendor_options": [],
            "volume": []
          },
          "private": "eyJlMmJmYjczMC1lY2FhLTExZTYtOGY4OC0zNDM2M2JjN2M0YzAiOnsiY3JlYXRlIjoxODAwMDAwMDAwMDAwLCJkZWxldGUiOjE4MDAwMDAwMDAwMDAsInVwZGF0ZSI6MTgwMDAwMDAwMDAwMH19"
        },
        {
          "index_key": "17",
          "schema_version": 0,
          "attributes": {
            "access_ip_v4": "115.146.86.127",
            "access_ip_v6": "",
            "admin_pass": null,
            "all_metadata": {},
            "all_tags": [],
            "availability_zone": "melbourne-qh2",
            "availability_zone_hints": null,
            "block_device": [],
            "config_drive": null,
            "flavor_id": "b7336043-bcba-4e5b-bdae-b76ccc328168",
            "flavor_name": "m3.medium",
            "floating_ip": null,
            "force_delete": false,
            "id": "3ec80b66-831e-49e0-bcaf-3e45039650c0",
            "image_id": "356ff1ed-5960-4ac2-96a1-0c0198e6a999",
            "image_name": "NeCTAR Ubuntu 20.04 LTS (Focal) amd64",
            "key_pair": "gcc-2021",
            "metadata": null,
            "name": "GAT-AU-17",
            "network": [
              {
                "access_network": false,
                "fixed_ip_v4": "115.146.86.127",
                "fixed_ip_v6": "",
                "floating_ip": "",
                "mac": "fa:16:3e:f3:9c:48",
                "name": "queensberry",
                "port": "",
                "uuid": ""
              }
            ],
            "network_mode": null,
            "personality": [],
            "power_state": "active",
            "region": "Melbourne",
            "scheduler_hints": [],
            "security_groups": [
              "SSH",
              "default"
            ],
            "stop_before_destroy": false,
            "tags": null,
            "timeouts": null,
            "user_data": null,
            "vendor_options": [],
            "volume": []
          },
          "private": "eyJlMmJmYjczMC1lY2FhLTExZTYtOGY4OC0zNDM2M2JjN2M0YzAiOnsiY3JlYXRlIjoxODAwMDAwMDAwMDAwLCJkZWxldGUiOjE4MDAwMDAwMDAwMDAsInVwZGF0ZSI6MTgwMDAwMDAwMDAwMH19"
        },
        {
          "index_key": "18",
          "schema_version": 0,
          "attributes": {
            "access_ip_v4": "115.146.84.151",
            "access_ip_v6": "",
            "admin_pass": null,
            "all_metadata": {},
            "all_tags": [],
            "availability_zone": "melbourne-qh2",
            "availability_zone_hints": null,
            "block_device": [],
            "config_drive": null,
            "flavor_id": "b7336043-bcba-4e5b-bdae-b76ccc328168",
            "flavor_name": "m3.medium",
            "floating_ip": null,
            "force_delete": false,
            "id": "91376ffc-e5d2-4159-8e52-b20f82d7b926",
            "image_id": "356ff1ed-5960-4ac2-96a1-0c0198e6a999",
            "image_name": "NeCTAR Ubuntu 20.04 LTS (Focal) amd64",
            "key_pair": "gcc-2021",
            "metadata": null,
            "name": "GAT-AU-18",
            "network": [
              {
                "access_network": false,
                "fixed_ip_v4": "115.146.84.151",
                "fixed_ip_v6": "",
                "floating_ip": "",
                "mac": "fa:16:3e:c3:71:bc",
                "name": "queensberry",
                "port": "",
                "uuid": ""
              }
            ],
            "network_mode": null,
            "personality": [],
            "power_state": "active",
            "region": "Melbourne",
            "scheduler_hints": [],
            "security_groups": [
              "SSH",
              "default"
            ],
            "stop_before_destroy": false,
            "tags": null,
            "timeouts": null,
            "user_data": null,
            "vendor_options": [],
            "volume": []
          },
          "private": "eyJlMmJmYjczMC1lY2FhLTExZTYtOGY4OC0zNDM2M2JjN2M0YzAiOnsiY3JlYXRlIjoxODAwMDAwMDAwMDAwLCJkZWxldGUiOjE4MDAwMDAwMDAwMDAsInVwZGF0ZSI6MTgwMDAwMDAwMDAwMH19"
        },
        {
          "index_key": "19",
          "schema_version": 0,
          "attributes": {
            "access_ip_v4": "115.146.84.201",
            "access_ip_v6": "",
            "admin_pass": null,
            "all_metadata": {},
            "all_tags": [],
            "availability_zone": "melbourne-qh2",
            "availability_zone_hints": null,
            "block_device": [],
            "config_drive": null,
            "flavor_id": "b7336043-bcba-4e5b-bdae-b76ccc328168",
            "flavor_name": "m3.medium",
            "floating_ip": null,
            "force_delete": false,
            "id": "fcea47aa-2d4b-44c8-9968-22913d713735",
            "image_id": "356ff1ed-5960-4ac2-96a1-0c0198e6a999",
            "image_name": "NeCTAR Ubuntu 20.04 LTS (Focal) amd64",
            "key_pair": "gcc-2021",
            "metadata": null,
            "name": "GAT-AU-19",
            "network": [
              {
                "access_network": false,
                "fixed_ip_v4": "115.146.84.201",
                "fixed_ip_v6": "",
                "floating_ip": "",
                "mac": "fa:16:3e:c7:de:17",
                "name": "queensberry",
                "port": "",
                "uuid": ""
              }
            ],
            "network_mode": null,
            "personality": [],
            "power_state": "active",
            "region": "Melbourne",
            "scheduler_hints": [],
            "security_groups": [
              "SSH",
              "default"
            ],
            "stop_before_destroy": false,
            "tags": null,
            "timeouts": null,
            "user_data": null,
            "vendor_options": [],
            "volume": []
          },
          "private": "eyJlMmJmYjczMC1lY2FhLTExZTYtOGY4OC0zNDM2M2JjN2M0YzAiOnsiY3JlYXRlIjoxODAwMDAwMDAwMDAwLCJkZWxldGUiOjE4MDAwMDAwMDAwMDAsInVwZGF0ZSI6MTgwMDAwMDAwMDAwMH19"
        },
        {
          "index_key": "2",
          "schema_version": 0,
          "attributes": {
            "access_ip_v4": "115.146.85.124",
            "access_ip_v6": "",
            "admin_pass": null,
            "all_metadata": {},
            "all_tags": [],
            "availability_zone": "melbourne-qh2",
            "availability_zone_hints": null,
            "block_device": [],
            "config_drive": null,
            "flavor_id": "b7336043-bcba-4e5b-bdae-b76ccc328168",
            "flavor_name": "m3.medium",
            "floating_ip": null,
            "force_delete": false,
            "id": "8cf4eebb-8e85-49b5-9225-37e3815dfbd2",
            "image_id": "356ff1ed-5960-4ac2-96a1-0c0198e6a999",
            "image_name": "NeCTAR Ubuntu 20.04 LTS (Focal) amd64",
            "key_pair": "gcc-2021",
            "metadata": null,
            "name": "GAT-AU-2",
            "network": [
              {
                "access_network": false,
                "fixed_ip_v4": "115.146.85.124",
                "fixed_ip_v6": "",
                "floating_ip": "",
                "mac": "fa:16:3e:f7:e7:64",
                "name": "queensberry",
                "port": "",
                "uuid": ""
              }
            ],
            "network_mode": null,
            "personality": [],
            "power_state": "active",
            "region": "Melbourne",
            "scheduler_hints": [],
            "security_groups": [
              "SSH",
              "default"
            ],
            "stop_before_destroy": false,
            "tags": null,
            "timeouts": null,
            "user_data": null,
            "vendor_options": [],
            "volume": []
          },
          "private": "eyJlMmJmYjczMC1lY2FhLTExZTYtOGY4OC0zNDM2M2JjN2M0YzAiOnsiY3JlYXRlIjoxODAwMDAwMDAwMDAwLCJkZWxldGUiOjE4MDAwMDAwMDAwMDAsInVwZGF0ZSI6MTgwMDAwMDAwMDAwMH19"
        },
        {
          "index_key": "20",
          "schema_version": 0,
          "attributes": {
            "access_ip_v4": "115.146.86.223",
            "access_ip_v6": "",
            "admin_pass": null,
            "all_metadata": {},
            "all_tags": [],
            "availability_zone": "melbourne-qh2",
            "availability_zone_hints": null,
            "block_device": [],
            "config_drive": null,
            "flavor_id": "b7336043-bcba-4e5b-bdae-b76ccc328168",
            "flavor_name": "m3.medium",
            "floating_ip": null,
            "force_delete": false,
            "id": "926ddd69-0ccf-46de-abfd-541bc40d8539",
            "image_id": "356ff1ed-5960-4ac2-96a1-0c0198e6a999",
            "image_name": "NeCTAR Ubuntu 20.04 LTS (Focal) amd64",
            "key_pair": "gcc-2021",
            "metadata": null,
            "name": "GAT-AU-20",
            "network": [
              {
                "access_network": false,
                "fixed_ip_v4": "115.146.86.223",
                "fixed_ip_v6": "",
                "floating_ip": "",
                "mac": "fa:16:3e:a6:0e:72",
                "name": "queensberry",
                "port": "",
                "uuid": ""
              }
            ],
            "network_mode": null,
            "personality": [],
            "power_state": "active",
            "region": "Melbourne",
            "scheduler_hints": [],
            "security_groups": [
              "SSH",
              "default"
            ],
            "stop_before_destroy": false,
            "tags": null,
            "timeouts": null,
            "user_data": null,
            "vendor_options": [],
            "volume": []
          },
          "private": "eyJlMmJmYjczMC1lY2FhLTExZTYtOGY4OC0zNDM2M2JjN2M0YzAiOnsiY3JlYXRlIjoxODAwMDAwMDAwMDAwLCJkZWxldGUiOjE4MDAwMDAwMDAwMDAsInVwZGF0ZSI6MTgwMDAwMDAwMDAwMH19"
        },
        {
          "index_key": "21",
          "schema_version": 0,
          "attributes": {
            "access_ip_v4": "115.146.85.11",
            "access_ip_v6": "",
            "admin_pass": null,
            "all_metadata": {},
            "all_tags": [],
            "availability_zone": "melbourne-qh2",
            "availability_zone_hints": null,
            "block_device": [],
            "config_drive": null,
            "flavor_id": "b7336043-bcba-4e5b-bdae-b76ccc328168",
            "flavor_name": "m3.medium",
            "floating_ip": null,
            "force_delete": false,
            "id": "88e151a3-d55d-44ea-bfe2-822cb2c7ae56",
            "image_id": "356ff1ed-5960-4ac2-96a1-0c0198e6a999",
            "image_name": "NeCTAR Ubuntu 20.04 LTS (Focal) amd64",
            "key_pair": "gcc-2021",
            "metadata": null,
            "name": "GAT-AU-21",
            "network": [
              {
                "access_network": false,
                "fixed_ip_v4": "115.146.85.11",
                "fixed_ip_v6": "",
                "floating_ip": "",
                "mac": "fa:16:3e:eb:7f:68",
                "name": "queensberry",
                "port": "",
                "uuid": ""
              }
            ],
            "network_mode": null,
            "personality": [],
            "power_state": "active",
            "region": "Melbourne",
            "scheduler_hints": [],
            "security_groups": [
              "SSH",
              "default"
            ],
            "stop_before_destroy": false,
            "tags": null,
            "timeouts": null,
            "user_data": null,
            "vendor_options": [],
            "volume": []
          },
          "private": "eyJlMmJmYjczMC1lY2FhLTExZTYtOGY4OC0zNDM2M2JjN2M0YzAiOnsiY3JlYXRlIjoxODAwMDAwMDAwMDAwLCJkZWxldGUiOjE4MDAwMDAwMDAwMDAsInVwZGF0ZSI6MTgwMDAwMDAwMDAwMH19"
        },
        {
          "index_key": "22",
          "schema_version": 0,
          "attributes": {
            "access_ip_v4": "115.146.87.178",
            "access_ip_v6": "",
            "admin_pass": null,
            "all_metadata": {},
            "all_tags": [],
            "availability_zone": "melbourne-qh2",
            "availability_zone_hints": null,
            "block_device": [],
            "config_drive": null,
            "flavor_id": "b7336043-bcba-4e5b-bdae-b76ccc328168",
            "flavor_name": "m3.medium",
            "floating_ip": null,
            "force_delete": false,
            "id": "b24b53de-adef-4aeb-90a0-b1b198f492ec",
            "image_id": "356ff1ed-5960-4ac2-96a1-0c0198e6a999",
            "image_name": "NeCTAR Ubuntu 20.04 LTS (Focal) amd64",
            "key_pair": "gcc-2021",
            "metadata": null,
            "name": "GAT-AU-22",
            "network": [
              {
                "access_network": false,
                "fixed_ip_v4": "115.146.87.178",
                "fixed_ip_v6": "",
                "floating_ip": "",
                "mac": "fa:16:3e:31:0b:3c",
                "name": "queensberry",
                "port": "",
                "uuid": ""
              }
            ],
            "network_mode": null,
            "personality": [],
            "power_state": "active",
            "region": "Melbourne",
            "scheduler_hints": [],
            "security_groups": [
              "SSH",
              "default"
            ],
            "stop_before_destroy": false,
            "tags": null,
            "timeouts": null,
            "user_data": null,
            "vendor_options": [],
            "volume": []
          },
          "private": "eyJlMmJmYjczMC1lY2FhLTExZTYtOGY4OC0zNDM2M2JjN2M0YzAiOnsiY3JlYXRlIjoxODAwMDAwMDAwMDAwLCJkZWxldGUiOjE4MDAwMDAwMDAwMDAsInVwZGF0ZSI6MTgwMDAwMDAwMDAwMH19"
        },
        {
          "index_key": "23",
          "schema_version": 0,
          "attributes": {
            "access_ip_v4": "115.146.84.134",
            "access_ip_v6": "",
            "admin_pass": null,
            "all_metadata": {},
            "all_tags": [],
            "availability_zone": "melbourne-qh2",
            "availability_zone_hints": null,
            "block_device": [],
            "config_drive": null,
            "flavor_id": "b7336043-bcba-4e5b-bdae-b76ccc328168",
            "flavor_name": "m3.medium",
            "floating_ip": null,
            "force_delete": false,
            "id": "08c1ecdc-a2ba-42f4-9ce2-9606e2293572",
            "image_id": "356ff1ed-5960-4ac2-96a1-0c0198e6a999",
            "image_name": "NeCTAR Ubuntu 20.04 LTS (Focal) amd64",
            "key_pair": "gcc-2021",
            "metadata": null,
            "name": "GAT-AU-23",
            "network": [
              {
                "access_network": false,
                "fixed_ip_v4": "115.146.84.134",
                "fixed_ip_v6": "",
                "floating_ip": "",
                "mac": "fa:16:3e:c9:0f:37",
                "name": "queensberry",
                "port": "",
                "uuid": ""
              }
            ],
            "network_mode": null,
            "personality": [],
            "power_state": "active",
            "region": "Melbourne",
            "scheduler_hints": [],
            "security_groups": [
              "SSH",
              "default"
            ],
            "stop_before_destroy": false,
            "tags": null,
            "timeouts": null,
            "user_data": null,
            "vendor_options": [],
            "volume": []
          },
          "private": "eyJlMmJmYjczMC1lY2FhLTExZTYtOGY4OC0zNDM2M2JjN2M0YzAiOnsiY3JlYXRlIjoxODAwMDAwMDAwMDAwLCJkZWxldGUiOjE4MDAwMDAwMDAwMDAsInVwZGF0ZSI6MTgwMDAwMDAwMDAwMH19"
        },
        {
          "index_key": "24",
          "schema_version": 0,
          "attributes": {
            "access_ip_v4": "115.146.85.3",
            "access_ip_v6": "",
            "admin_pass": null,
            "all_metadata": {},
            "all_tags": [],
            "availability_zone": "melbourne-qh2",
            "availability_zone_hints": null,
            "block_device": [],
            "config_drive": null,
            "flavor_id": "b7336043-bcba-4e5b-bdae-b76ccc328168",
            "flavor_name": "m3.medium",
            "floating_ip": null,
            "force_delete": false,
            "id": "07928a0f-19f0-4458-af8b-40a2a1e0eb73",
            "image_id": "356ff1ed-5960-4ac2-96a1-0c0198e6a999",
            "image_name": "NeCTAR Ubuntu 20.04 LTS (Focal) amd64",
            "key_pair": "gcc-2021",
            "metadata": null,
            "name": "GAT-AU-24",
            "network": [
              {
                "access_network": false,
                "fixed_ip_v4": "115.146.85.3",
                "fixed_ip_v6": "",
                "floating_ip": "",
                "mac": "fa:16:3e:0b:4a:58",
                "name": "queensberry",
                "port": "",
                "uuid": ""
              }
            ],
            "network_mode": null,
            "personality": [],
            "power_state": "active",
            "region": "Melbourne",
            "scheduler_hints": [],
            "security_groups": [
              "SSH",
              "default"
            ],
            "stop_before_destroy": false,
            "tags": null,
            "timeouts": null,
            "user_data": null,
            "vendor_options": [],
            "volume": []
          },
          "private": "eyJlMmJmYjczMC1lY2FhLTExZTYtOGY4OC0zNDM2M2JjN2M0YzAiOnsiY3JlYXRlIjoxODAwMDAwMDAwMDAwLCJkZWxldGUiOjE4MDAwMDAwMDAwMDAsInVwZGF0ZSI6MTgwMDAwMDAwMDAwMH19"
        },
        {
          "index_key": "25",
          "schema_version": 0,
          "attributes": {
            "access_ip_v4": "115.146.87.247",
            "access_ip_v6": "",
            "admin_pass": null,
            "all_metadata": {},
            "all_tags": [],
            "availability_zone": "melbourne-qh2",
            "availability_zone_hints": null,
            "block_device": [],
            "config_drive": null,
            "flavor_id": "b7336043-bcba-4e5b-bdae-b76ccc328168",
            "flavor_name": "m3.medium",
            "floating_ip": null,
            "force_delete": false,
            "id": "5ab8cc05-132a-4b63-a471-732b0bdbe7e1",
            "image_id": "356ff1ed-5960-4ac2-96a1-0c0198e6a999",
            "image_name": "NeCTAR Ubuntu 20.04 LTS (Focal) amd64",
            "key_pair": "gcc-2021",
            "metadata": null,
            "name": "GAT-AU-25",
            "network": [
              {
                "access_network": false,
                "fixed_ip_v4": "115.146.87.247",
                "fixed_ip_v6": "",
                "floating_ip": "",
                "mac": "fa:16:3e:ab:4f:26",
                "name": "queensberry",
                "port": "",
                "uuid": ""
              }
            ],
            "network_mode": null,
            "personality": [],
            "power_state": "active",
            "region": "Melbourne",
            "scheduler_hints": [],
            "security_groups": [
              "SSH",
              "default"
            ],
            "stop_before_destroy": false,
            "tags": null,
            "timeouts": null,
            "user_data": null,
            "vendor_options": [],
            "volume": []
          },
          "private": "eyJlMmJmYjczMC1lY2FhLTExZTYtOGY4OC0zNDM2M2JjN2M0YzAiOnsiY3JlYXRlIjoxODAwMDAwMDAwMDAwLCJkZWxldGUiOjE4MDAwMDAwMDAwMDAsInVwZGF0ZSI6MTgwMDAwMDAwMDAwMH19"
        },
        {
          "index_key": "26",
          "schema_version": 0,
          "attributes": {
            "access_ip_v4": "115.146.84.86",
            "access_ip_v6": "",
            "admin_pass": null,
            "all_metadata": {},
            "all_tags": [],
            "availability_zone": "melbourne-qh2",
            "availability_zone_hints": null,
            "block_device": [],
            "config_drive": null,
            "flavor_id": "b7336043-bcba-4e5b-bdae-b76ccc328168",
            "flavor_name": "m3.medium",
            "floating_ip": null,
            "force_delete": false,
            "id": "0d504417-be7c-4f5e-acad-3ca83d3b5693",
            "image_id": "356ff1ed-5960-4ac2-96a1-0c0198e6a999",
            "image_name": "NeCTAR Ubuntu 20.04 LTS (Focal) amd64",
            "key_pair": "gcc-2021",
            "metadata": null,
            "name": "GAT-AU-26",
            "network": [
              {
                "access_network": false,
                "fixed_ip_v4": "115.146.84.86",
                "fixed_ip_v6": "",
                "floating_ip": "",
                "mac": "fa:16:3e:3f:57:6d",
                "name": "queensberry",
                "port": "",
                "uuid": ""
              }
            ],
            "network_mode": null,
            "personality": [],
            "power_state": "active",
            "region": "Melbourne",
            "scheduler_hints": [],
            "security_groups": [
              "SSH",
              "default"
            ],
            "stop_before_destroy": false,
            "tags": null,
            "timeouts": null,
            "user_data": null,
            "vendor_options": [],
            "volume": []
          },
          "private": "eyJlMmJmYjczMC1lY2FhLTExZTYtOGY4OC0zNDM2M2JjN2M0YzAiOnsiY3JlYXRlIjoxODAwMDAwMDAwMDAwLCJkZWxldGUiOjE4MDAwMDAwMDAwMDAsInVwZGF0ZSI6MTgwMDAwMDAwMDAwMH19"
        },
        {
          "index_key": "27",
          "schema_version": 0,
          "attributes": {
            "access_ip_v4": "115.146.85.111",
            "access_ip_v6": "",
            "admin_pass": null,
            "all_metadata": {},
            "all_tags": [],
            "availability_zone": "melbourne-qh2",
            "availability_zone_hints": null,
            "block_device": [],
            "config_drive": null,
            "flavor_id": "b7336043-bcba-4e5b-bdae-b76ccc328168",
            "flavor_name": "m3.medium",
            "floating_ip": null,
            "force_delete": false,
            "id": "1560591b-e6c4-40a6-a861-949fac6cd139",
            "image_id": "356ff1ed-5960-4ac2-96a1-0c0198e6a999",
            "image_name": "NeCTAR Ubuntu 20.04 LTS (Focal) amd64",
            "key_pair": "gcc-2021",
            "metadata": null,
            "name": "GAT-AU-27",
            "network": [
              {
                "access_network": false,
                "fixed_ip_v4": "115.146.85.111",
                "fixed_ip_v6": "",
                "floating_ip": "",
                "mac": "fa:16:3e:f5:8b:f3",
                "name": "queensberry",
                "port": "",
                "uuid": ""
              }
            ],
            "network_mode": null,
            "personality": [],
            "power_state": "active",
            "region": "Melbourne",
            "scheduler_hints": [],
            "security_groups": [
              "SSH",
              "default"
            ],
            "stop_before_destroy": false,
            "tags": null,
            "timeouts": null,
            "user_data": null,
            "vendor_options": [],
            "volume": []
          },
          "private": "eyJlMmJmYjczMC1lY2FhLTExZTYtOGY4OC0zNDM2M2JjN2M0YzAiOnsiY3JlYXRlIjoxODAwMDAwMDAwMDAwLCJkZWxldGUiOjE4MDAwMDAwMDAwMDAsInVwZGF0ZSI6MTgwMDAwMDAwMDAwMH19"
        },
        {
          "index_key": "28",
          "schema_version": 0,
          "attributes": {
            "access_ip_v4": "115.146.84.119",
            "access_ip_v6": "",
            "admin_pass": null,
            "all_metadata": {},
            "all_tags": [],
            "availability_zone": "melbourne-qh2",
            "availability_zone_hints": null,
            "block_device": [],
            "config_drive": null,
            "flavor_id": "b7336043-bcba-4e5b-bdae-b76ccc328168",
            "flavor_name": "m3.medium",
            "floating_ip": null,
            "force_delete": false,
            "id": "3230fb3f-c785-422d-9f48-59bfaaf29631",
            "image_id": "356ff1ed-5960-4ac2-96a1-0c0198e6a999",
            "image_name": "NeCTAR Ubuntu 20.04 LTS (Focal) amd64",
            "key_pair": "gcc-2021",
            "metadata": null,
            "name": "GAT-AU-28",
            "network": [
              {
                "access_network": false,
                "fixed_ip_v4": "115.146.84.119",
                "fixed_ip_v6": "",
                "floating_ip": "",
                "mac": "fa:16:3e:fa:7e:e9",
                "name": "queensberry",
                "port": "",
                "uuid": ""
              }
            ],
            "network_mode": null,
            "personality": [],
            "power_state": "active",
            "region": "Melbourne",
            "scheduler_hints": [],
            "security_groups": [
              "SSH",
              "default"
            ],
            "stop_before_destroy": false,
            "tags": null,
            "timeouts": null,
            "user_data": null,
            "vendor_options": [],
            "volume": []
          },
          "private": "eyJlMmJmYjczMC1lY2FhLTExZTYtOGY4OC0zNDM2M2JjN2M0YzAiOnsiY3JlYXRlIjoxODAwMDAwMDAwMDAwLCJkZWxldGUiOjE4MDAwMDAwMDAwMDAsInVwZGF0ZSI6MTgwMDAwMDAwMDAwMH19"
        },
        {
          "index_key": "29",
          "schema_version": 0,
          "attributes": {
            "access_ip_v4": "115.146.85.155",
            "access_ip_v6": "",
            "admin_pass": null,
            "all_metadata": {},
            "all_tags": [],
            "availability_zone": "melbourne-qh2",
            "availability_zone_hints": null,
            "block_device": [],
            "config_drive": null,
            "flavor_id": "b7336043-bcba-4e5b-bdae-b76ccc328168",
            "flavor_name": "m3.medium",
            "floating_ip": null,
            "force_delete": false,
            "id": "aaaf42e7-c945-4797-aa34-5b71e0aad085",
            "image_id": "356ff1ed-5960-4ac2-96a1-0c0198e6a999",
            "image_name": "NeCTAR Ubuntu 20.04 LTS (Focal) amd64",
            "key_pair": "gcc-2021",
            "metadata": null,
            "name": "GAT-AU-29",
            "network": [
              {
                "access_network": false,
                "fixed_ip_v4": "115.146.85.155",
                "fixed_ip_v6": "",
                "floating_ip": "",
                "mac": "fa:16:3e:34:d6:fc",
                "name": "queensberry",
                "port": "",
                "uuid": ""
              }
            ],
            "network_mode": null,
            "personality": [],
            "power_state": "active",
            "region": "Melbourne",
            "scheduler_hints": [],
            "security_groups": [
              "SSH",
              "default"
            ],
            "stop_before_destroy": false,
            "tags": null,
            "timeouts": null,
            "user_data": null,
            "vendor_options": [],
            "volume": []
          },
          "private": "eyJlMmJmYjczMC1lY2FhLTExZTYtOGY4OC0zNDM2M2JjN2M0YzAiOnsiY3JlYXRlIjoxODAwMDAwMDAwMDAwLCJkZWxldGUiOjE4MDAwMDAwMDAwMDAsInVwZGF0ZSI6MTgwMDAwMDAwMDAwMH19"
        },
        {
          "index_key": "3",
          "schema_version": 0,
          "attributes": {
            "access_ip_v4": "115.146.85.29",
            "access_ip_v6": "",
            "admin_pass": null,
            "all_metadata": {},
            "all_tags": [],
            "availability_zone": "melbourne-qh2",
            "availability_zone_hints": null,
            "block_device": [],
            "config_drive": null,
            "flavor_id": "b7336043-bcba-4e5b-bdae-b76ccc328168",
            "flavor_name": "m3.medium",
            "floating_ip": null,
            "force_delete": false,
            "id": "83744630-ed08-494a-a80a-7cc349182f08",
            "image_id": "356ff1ed-5960-4ac2-96a1-0c0198e6a999",
            "image_name": "NeCTAR Ubuntu 20.04 LTS (Focal) amd64",
            "key_pair": "gcc-2021",
            "metadata": null,
            "name": "GAT-AU-3",
            "network": [
              {
                "access_network": false,
                "fixed_ip_v4": "115.146.85.29",
                "fixed_ip_v6": "",
                "floating_ip": "",
                "mac": "fa:16:3e:1b:7d:92",
                "name": "queensberry",
                "port": "",
                "uuid": ""
              }
            ],
            "network_mode": null,
            "personality": [],
            "power_state": "active",
            "region": "Melbourne",
            "scheduler_hints": [],
            "security_groups": [
              "SSH",
              "default"
            ],
            "stop_before_destroy": false,
            "tags": null,
            "timeouts": null,
            "user_data": null,
            "vendor_options": [],
            "volume": []
          },
          "private": "eyJlMmJmYjczMC1lY2FhLTExZTYtOGY4OC0zNDM2M2JjN2M0YzAiOnsiY3JlYXRlIjoxODAwMDAwMDAwMDAwLCJkZWxldGUiOjE4MDAwMDAwMDAwMDAsInVwZGF0ZSI6MTgwMDAwMDAwMDAwMH19"
        },
        {
          "index_key": "30",
          "schema_version": 0,
          "attributes": {
            "access_ip_v4": "115.146.87.191",
            "access_ip_v6": "",
            "admin_pass": null,
            "all_metadata": {},
            "all_tags": [],
            "availability_zone": "melbourne-qh2",
            "availability_zone_hints": null,
            "block_device": [],
            "config_drive": null,
            "flavor_id": "b7336043-bcba-4e5b-bdae-b76ccc328168",
            "flavor_name": "m3.medium",
            "floating_ip": null,
            "force_delete": false,
            "id": "7b057cf7-b4fc-48b6-a8d8-ba1d5d5a7105",
            "image_id": "356ff1ed-5960-4ac2-96a1-0c0198e6a999",
            "image_name": "NeCTAR Ubuntu 20.04 LTS (Focal) amd64",
            "key_pair": "gcc-2021",
            "metadata": null,
            "name": "GAT-AU-30",
            "network": [
              {
                "access_network": false,
                "fixed_ip_v4": "115.146.87.191",
                "fixed_ip_v6": "",
                "floating_ip": "",
                "mac": "fa:16:3e:f4:53:c3",
                "name": "queensberry",
                "port": "",
                "uuid": ""
              }
            ],
            "network_mode": null,
            "personality": [],
            "power_state": "active",
            "region": "Melbourne",
            "scheduler_hints": [],
            "security_groups": [
              "SSH",
              "default"
            ],
            "stop_before_destroy": false,
            "tags": null,
            "timeouts": null,
            "user_data": null,
            "vendor_options": [],
            "volume": []
          },
          "private": "eyJlMmJmYjczMC1lY2FhLTExZTYtOGY4OC0zNDM2M2JjN2M0YzAiOnsiY3JlYXRlIjoxODAwMDAwMDAwMDAwLCJkZWxldGUiOjE4MDAwMDAwMDAwMDAsInVwZGF0ZSI6MTgwMDAwMDAwMDAwMH19"
        },
        {
          "index_key": "31",
          "schema_version": 0,
          "attributes": {
            "access_ip_v4": "115.146.86.74",
            "access_ip_v6": "",
            "admin_pass": null,
            "all_metadata": {},
            "all_tags": [],
            "availability_zone": "melbourne-qh2",
            "availability_zone_hints": null,
            "block_device": [],
            "config_drive": null,
            "flavor_id": "b7336043-bcba-4e5b-bdae-b76ccc328168",
            "flavor_name": "m3.medium",
            "floating_ip": null,
            "force_delete": false,
            "id": "49c5af67-b57f-4cb1-89b0-b661b255a28e",
            "image_id": "356ff1ed-5960-4ac2-96a1-0c0198e6a999",
            "image_name": "NeCTAR Ubuntu 20.04 LTS (Focal) amd64",
            "key_pair": "gcc-2021",
            "metadata": null,
            "name": "GAT-AU-31",
            "network": [
              {
                "access_network": false,
                "fixed_ip_v4": "115.146.86.74",
                "fixed_ip_v6": "",
                "floating_ip": "",
                "mac": "fa:16:3e:45:2e:59",
                "name": "queensberry",
                "port": "",
                "uuid": ""
              }
            ],
            "network_mode": null,
            "personality": [],
            "power_state": "active",
            "region": "Melbourne",
            "scheduler_hints": [],
            "security_groups": [
              "SSH",
              "default"
            ],
            "stop_before_destroy": false,
            "tags": null,
            "timeouts": null,
            "user_data": null,
            "vendor_options": [],
            "volume": []
          },
          "private": "eyJlMmJmYjczMC1lY2FhLTExZTYtOGY4OC0zNDM2M2JjN2M0YzAiOnsiY3JlYXRlIjoxODAwMDAwMDAwMDAwLCJkZWxldGUiOjE4MDAwMDAwMDAwMDAsInVwZGF0ZSI6MTgwMDAwMDAwMDAwMH19"
        },
        {
          "index_key": "32",
          "schema_version": 0,
          "attributes": {
            "access_ip_v4": "115.146.85.242",
            "access_ip_v6": "",
            "admin_pass": null,
            "all_metadata": {},
            "all_tags": [],
            "availability_zone": "melbourne-qh2",
            "availability_zone_hints": null,
            "block_device": [],
            "config_drive": null,
            "flavor_id": "b7336043-bcba-4e5b-bdae-b76ccc328168",
            "flavor_name": "m3.medium",
            "floating_ip": null,
            "force_delete": false,
            "id": "2254b601-4723-42bf-85a5-3498e541d7c8",
            "image_id": "356ff1ed-5960-4ac2-96a1-0c0198e6a999",
            "image_name": "NeCTAR Ubuntu 20.04 LTS (Focal) amd64",
            "key_pair": "gcc-2021",
            "metadata": null,
            "name": "GAT-AU-32",
            "network": [
              {
                "access_network": false,
                "fixed_ip_v4": "115.146.85.242",
                "fixed_ip_v6": "",
                "floating_ip": "",
                "mac": "fa:16:3e:cb:1b:f2",
                "name": "queensberry",
                "port": "",
                "uuid": ""
              }
            ],
            "network_mode": null,
            "personality": [],
            "power_state": "active",
            "region": "Melbourne",
            "scheduler_hints": [],
            "security_groups": [
              "SSH",
              "default"
            ],
            "stop_before_destroy": false,
            "tags": null,
            "timeouts": null,
            "user_data": null,
            "vendor_options": [],
            "volume": []
          },
          "private": "eyJlMmJmYjczMC1lY2FhLTExZTYtOGY4OC0zNDM2M2JjN2M0YzAiOnsiY3JlYXRlIjoxODAwMDAwMDAwMDAwLCJkZWxldGUiOjE4MDAwMDAwMDAwMDAsInVwZGF0ZSI6MTgwMDAwMDAwMDAwMH19"
        },
        {
          "index_key": "33",
          "schema_version": 0,
          "attributes": {
            "access_ip_v4": "115.146.85.138",
            "access_ip_v6": "",
            "admin_pass": null,
            "all_metadata": {},
            "all_tags": [],
            "availability_zone": "melbourne-qh2",
            "availability_zone_hints": null,
            "block_device": [],
            "config_drive": null,
            "flavor_id": "b7336043-bcba-4e5b-bdae-b76ccc328168",
            "flavor_name": "m3.medium",
            "floating_ip": null,
            "force_delete": false,
            "id": "db1e9413-761a-48ce-9603-ddec62b47c98",
            "image_id": "356ff1ed-5960-4ac2-96a1-0c0198e6a999",
            "image_name": "NeCTAR Ubuntu 20.04 LTS (Focal) amd64",
            "key_pair": "gcc-2021",
            "metadata": null,
            "name": "GAT-AU-33",
            "network": [
              {
                "access_network": false,
                "fixed_ip_v4": "115.146.85.138",
                "fixed_ip_v6": "",
                "floating_ip": "",
                "mac": "fa:16:3e:1f:90:43",
                "name": "queensberry",
                "port": "",
                "uuid": ""
              }
            ],
            "network_mode": null,
            "personality": [],
            "power_state": "active",
            "region": "Melbourne",
            "scheduler_hints": [],
            "security_groups": [
              "SSH",
              "default"
            ],
            "stop_before_destroy": false,
            "tags": null,
            "timeouts": null,
            "user_data": null,
            "vendor_options": [],
            "volume": []
          },
          "private": "eyJlMmJmYjczMC1lY2FhLTExZTYtOGY4OC0zNDM2M2JjN2M0YzAiOnsiY3JlYXRlIjoxODAwMDAwMDAwMDAwLCJkZWxldGUiOjE4MDAwMDAwMDAwMDAsInVwZGF0ZSI6MTgwMDAwMDAwMDAwMH19"
        },
        {
          "index_key": "34",
          "schema_version": 0,
          "attributes": {
            "access_ip_v4": "115.146.87.137",
            "access_ip_v6": "",
            "admin_pass": null,
            "all_metadata": {},
            "all_tags": [],
            "availability_zone": "melbourne-qh2",
            "availability_zone_hints": null,
            "block_device": [],
            "config_drive": null,
            "flavor_id": "b7336043-bcba-4e5b-bdae-b76ccc328168",
            "flavor_name": "m3.medium",
            "floating_ip": null,
            "force_delete": false,
            "id": "aa9d51d2-dacf-4fa3-b5b6-e7acce28802b",
            "image_id": "356ff1ed-5960-4ac2-96a1-0c0198e6a999",
            "image_name": "NeCTAR Ubuntu 20.04 LTS (Focal) amd64",
            "key_pair": "gcc-2021",
            "metadata": null,
            "name": "GAT-AU-34",
            "network": [
              {
                "access_network": false,
                "fixed_ip_v4": "115.146.87.137",
                "fixed_ip_v6": "",
                "floating_ip": "",
                "mac": "fa:16:3e:e1:f3:50",
                "name": "queensberry",
                "port": "",
                "uuid": ""
              }
            ],
            "network_mode": null,
            "personality": [],
            "power_state": "active",
            "region": "Melbourne",
            "scheduler_hints": [],
            "security_groups": [
              "SSH",
              "default"
            ],
            "stop_before_destroy": false,
            "tags": null,
            "timeouts": null,
            "user_data": null,
            "vendor_options": [],
            "volume": []
          },
          "private": "eyJlMmJmYjczMC1lY2FhLTExZTYtOGY4OC0zNDM2M2JjN2M0YzAiOnsiY3JlYXRlIjoxODAwMDAwMDAwMDAwLCJkZWxldGUiOjE4MDAwMDAwMDAwMDAsInVwZGF0ZSI6MTgwMDAwMDAwMDAwMH19"
        },
        {
          "index_key": "4",
          "schema_version": 0,
          "attributes": {
            "access_ip_v4": "115.146.86.71",
            "access_ip_v6": "",
            "admin_pass": null,
            "all_metadata": {},
            "all_tags": [],
            "availability_zone": "melbourne-qh2",
            "availability_zone_hints": null,
            "block_device": [],
            "config_drive": null,
            "flavor_id": "b7336043-bcba-4e5b-bdae-b76ccc328168",
            "flavor_name": "m3.medium",
            "floating_ip": null,
            "force_delete": false,
            "id": "cbaaf43f-fd24-4bf9-8a12-8f5b9993b94f",
            "image_id": "356ff1ed-5960-4ac2-96a1-0c0198e6a999",
            "image_name": "NeCTAR Ubuntu 20.04 LTS (Focal) amd64",
            "key_pair": "gcc-2021",
            "metadata": null,
            "name": "GAT-AU-4",
            "network": [
              {
                "access_network": false,
                "fixed_ip_v4": "115.146.86.71",
                "fixed_ip_v6": "",
                "floating_ip": "",
                "mac": "fa:16:3e:84:7a:c3",
                "name": "queensberry",
                "port": "",
                "uuid": ""
              }
            ],
            "network_mode": null,
            "personality": [],
            "power_state": "active",
            "region": "Melbourne",
            "scheduler_hints": [],
            "security_groups": [
              "SSH",
              "default"
            ],
            "stop_before_destroy": false,
            "tags": null,
            "timeouts": null,
            "user_data": null,
            "vendor_options": [],
            "volume": []
          },
          "private": "eyJlMmJmYjczMC1lY2FhLTExZTYtOGY4OC0zNDM2M2JjN2M0YzAiOnsiY3JlYXRlIjoxODAwMDAwMDAwMDAwLCJkZWxldGUiOjE4MDAwMDAwMDAwMDAsInVwZGF0ZSI6MTgwMDAwMDAwMDAwMH19"
        },
        {
          "index_key": "5",
          "schema_version": 0,
          "attributes": {
            "access_ip_v4": "115.146.84.170",
            "access_ip_v6": "",
            "admin_pass": null,
            "all_metadata": {},
            "all_tags": [],
            "availability_zone": "melbourne-qh2",
            "availability_zone_hints": null,
            "block_device": [],
            "config_drive": null,
            "flavor_id": "b7336043-bcba-4e5b-bdae-b76ccc328168",
            "flavor_name": "m3.medium",
            "floating_ip": null,
            "force_delete": false,
            "id": "0108d0be-8fab-4b4a-8eac-02f4fe5e0d14",
            "image_id": "356ff1ed-5960-4ac2-96a1-0c0198e6a999",
            "image_name": "NeCTAR Ubuntu 20.04 LTS (Focal) amd64",
            "key_pair": "gcc-2021",
            "metadata": null,
            "name": "GAT-AU-5",
            "network": [
              {
                "access_network": false,
                "fixed_ip_v4": "115.146.84.170",
                "fixed_ip_v6": "",
                "floating_ip": "",
                "mac": "fa:16:3e:4b:f7:0e",
                "name": "queensberry",
                "port": "",
                "uuid": ""
              }
            ],
            "network_mode": null,
            "personality": [],
            "power_state": "active",
            "region": "Melbourne",
            "scheduler_hints": [],
            "security_groups": [
              "SSH",
              "default"
            ],
            "stop_before_destroy": false,
            "tags": null,
            "timeouts": null,
            "user_data": null,
            "vendor_options": [],
            "volume": []
          },
          "private": "eyJlMmJmYjczMC1lY2FhLTExZTYtOGY4OC0zNDM2M2JjN2M0YzAiOnsiY3JlYXRlIjoxODAwMDAwMDAwMDAwLCJkZWxldGUiOjE4MDAwMDAwMDAwMDAsInVwZGF0ZSI6MTgwMDAwMDAwMDAwMH19"
        },
        {
          "index_key": "6",
          "schema_version": 0,
          "attributes": {
            "access_ip_v4": "115.146.85.46",
            "access_ip_v6": "",
            "admin_pass": null,
            "all_metadata": {},
            "all_tags": [],
            "availability_zone": "melbourne-qh2",
            "availability_zone_hints": null,
            "block_device": [],
            "config_drive": null,
            "flavor_id": "b7336043-bcba-4e5b-bdae-b76ccc328168",
            "flavor_name": "m3.medium",
            "floating_ip": null,
            "force_delete": false,
            "id": "f7ca291b-e5d7-493f-abd3-9f6c00e0ce1b",
            "image_id": "356ff1ed-5960-4ac2-96a1-0c0198e6a999",
            "image_name": "NeCTAR Ubuntu 20.04 LTS (Focal) amd64",
            "key_pair": "gcc-2021",
            "metadata": null,
            "name": "GAT-AU-6",
            "network": [
              {
                "access_network": false,
                "fixed_ip_v4": "115.146.85.46",
                "fixed_ip_v6": "",
                "floating_ip": "",
                "mac": "fa:16:3e:33:2c:22",
                "name": "queensberry",
                "port": "",
                "uuid": ""
              }
            ],
            "network_mode": null,
            "personality": [],
            "power_state": "active",
            "region": "Melbourne",
            "scheduler_hints": [],
            "security_groups": [
              "SSH",
              "default"
            ],
            "stop_before_destroy": false,
            "tags": null,
            "timeouts": null,
            "user_data": null,
            "vendor_options": [],
            "volume": []
          },
          "private": "eyJlMmJmYjczMC1lY2FhLTExZTYtOGY4OC0zNDM2M2JjN2M0YzAiOnsiY3JlYXRlIjoxODAwMDAwMDAwMDAwLCJkZWxldGUiOjE4MDAwMDAwMDAwMDAsInVwZGF0ZSI6MTgwMDAwMDAwMDAwMH19"
        },
        {
          "index_key": "7",
          "schema_version": 0,
          "attributes": {
            "access_ip_v4": "115.146.85.247",
            "access_ip_v6": "",
            "admin_pass": null,
            "all_metadata": {},
            "all_tags": [],
            "availability_zone": "melbourne-qh2",
            "availability_zone_hints": null,
            "block_device": [],
            "config_drive": null,
            "flavor_id": "b7336043-bcba-4e5b-bdae-b76ccc328168",
            "flavor_name": "m3.medium",
            "floating_ip": null,
            "force_delete": false,
            "id": "78f62d26-3d8a-488d-9855-3b3e65d82257",
            "image_id": "356ff1ed-5960-4ac2-96a1-0c0198e6a999",
            "image_name": "NeCTAR Ubuntu 20.04 LTS (Focal) amd64",
            "key_pair": "gcc-2021",
            "metadata": null,
            "name": "GAT-AU-7",
            "network": [
              {
                "access_network": false,
                "fixed_ip_v4": "115.146.85.247",
                "fixed_ip_v6": "",
                "floating_ip": "",
                "mac": "fa:16:3e:01:be:9b",
                "name": "queensberry",
                "port": "",
                "uuid": ""
              }
            ],
            "network_mode": null,
            "personality": [],
            "power_state": "active",
            "region": "Melbourne",
            "scheduler_hints": [],
            "security_groups": [
              "SSH",
              "default"
            ],
            "stop_before_destroy": false,
            "tags": null,
            "timeouts": null,
            "user_data": null,
            "vendor_options": [],
            "volume": []
          },
          "private": "eyJlMmJmYjczMC1lY2FhLTExZTYtOGY4OC0zNDM2M2JjN2M0YzAiOnsiY3JlYXRlIjoxODAwMDAwMDAwMDAwLCJkZWxldGUiOjE4MDAwMDAwMDAwMDAsInVwZGF0ZSI6MTgwMDAwMDAwMDAwMH19"
        },
        {
          "index_key": "8",
          "schema_version": 0,
          "attributes": {
            "access_ip_v4": "115.146.84.148",
            "access_ip_v6": "",
            "admin_pass": null,
            "all_metadata": {},
            "all_tags": [],
            "availability_zone": "melbourne-qh2",
            "availability_zone_hints": null,
            "block_device": [],
            "config_drive": null,
            "flavor_id": "b7336043-bcba-4e5b-bdae-b76ccc328168",
            "flavor_name": "m3.medium",
            "floating_ip": null,
            "force_delete": false,
            "id": "b17c0129-1cb2-4dcb-94ed-6363057e1f2b",
            "image_id": "356ff1ed-5960-4ac2-96a1-0c0198e6a999",
            "image_name": "NeCTAR Ubuntu 20.04 LTS (Focal) amd64",
            "key_pair": "gcc-2021",
            "metadata": null,
            "name": "GAT-AU-8",
            "network": [
              {
                "access_network": false,
                "fixed_ip_v4": "115.146.84.148",
                "fixed_ip_v6": "",
                "floating_ip": "",
                "mac": "fa:16:3e:90:45:24",
                "name": "queensberry",
                "port": "",
                "uuid": ""
              }
            ],
            "network_mode": null,
            "personality": [],
            "power_state": "active",
            "region": "Melbourne",
            "scheduler_hints": [],
            "security_groups": [
              "SSH",
              "default"
            ],
            "stop_before_destroy": false,
            "tags": null,
            "timeouts": null,
            "user_data": null,
            "vendor_options": [],
            "volume": []
          },
          "private": "eyJlMmJmYjczMC1lY2FhLTExZTYtOGY4OC0zNDM2M2JjN2M0YzAiOnsiY3JlYXRlIjoxODAwMDAwMDAwMDAwLCJkZWxldGUiOjE4MDAwMDAwMDAwMDAsInVwZGF0ZSI6MTgwMDAwMDAwMDAwMH19"
        },
        {
          "index_key": "9",
          "schema_version": 0,
          "attributes": {
            "access_ip_v4": "115.146.84.198",
            "access_ip_v6": "",
            "admin_pass": null,
            "all_metadata": {},
            "all_tags": [],
            "availability_zone": "melbourne-qh2",
            "availability_zone_hints": null,
            "block_device": [],
            "config_drive": null,
            "flavor_id": "b7336043-bcba-4e5b-bdae-b76ccc328168",
            "flavor_name": "m3.medium",
            "floating_ip": null,
            "force_delete": false,
            "id": "af919aa5-3597-4b32-b5f0-dad200643210",
            "image_id": "356ff1ed-5960-4ac2-96a1-0c0198e6a999",
            "image_name": "NeCTAR Ubuntu 20.04 LTS (Focal) amd64",
            "key_pair": "gcc-2021",
            "metadata": null,
            "name": "GAT-AU-9",
            "network": [
              {
                "access_network": false,
                "fixed_ip_v4": "115.146.84.198",
                "fixed_ip_v6": "",
                "floating_ip": "",
                "mac": "fa:16:3e:04:31:e9",
                "name": "queensberry",
                "port": "",
                "uuid": ""
              }
            ],
            "network_mode": null,
            "personality": [],
            "power_state": "active",
            "region": "Melbourne",
            "scheduler_hints": [],
            "security_groups": [
              "SSH",
              "default"
            ],
            "stop_before_destroy": false,
            "tags": null,
            "timeouts": null,
            "user_data": null,
            "vendor_options": [],
            "volume": []
          },
          "private": "eyJlMmJmYjczMC1lY2FhLTExZTYtOGY4OC0zNDM2M2JjN2M0YzAiOnsiY3JlYXRlIjoxODAwMDAwMDAwMDAwLCJkZWxldGUiOjE4MDAwMDAwMDAwMDAsInVwZGF0ZSI6MTgwMDAwMDAwMDAwMH19"
        }
      ]
    }
  ]
}
